// !$*UTF8*$!
{
	archiveVersion = 1;
	classes = {
	};
	objectVersion = 50;
	objects = {

/* Begin PBXBuildFile section */
		2BECB808230D67AE00E03B71 /* DashboardVC.swift in Sources */ = {isa = PBXBuildFile; fileRef = 2BECB807230D67AE00E03B71 /* DashboardVC.swift */; };
		2BF239FE230D6BB000B1C8CB /* ProfileVC.swift in Sources */ = {isa = PBXBuildFile; fileRef = 2BF239FD230D6BB000B1C8CB /* ProfileVC.swift */; };
		2BF23A00230D6BBB00B1C8CB /* CartVC.swift in Sources */ = {isa = PBXBuildFile; fileRef = 2BF239FF230D6BBB00B1C8CB /* CartVC.swift */; };
		2BF23A02230D6C3100B1C8CB /* TabbarVC.swift in Sources */ = {isa = PBXBuildFile; fileRef = 2BF23A01230D6C3100B1C8CB /* TabbarVC.swift */; };
		2BF23A07230D6E4900B1C8CB /* AppDelegate.swift in Sources */ = {isa = PBXBuildFile; fileRef = 2BF23A06230D6E4900B1C8CB /* AppDelegate.swift */; };
		2BF23A0A230D736A00B1C8CB /* ProductCell.swift in Sources */ = {isa = PBXBuildFile; fileRef = 2BF23A09230D736A00B1C8CB /* ProductCell.swift */; };
		2BF23A0D230D753700B1C8CB /* DashboardCollectionView.swift in Sources */ = {isa = PBXBuildFile; fileRef = 2BF23A0C230D753700B1C8CB /* DashboardCollectionView.swift */; };
		2BF23A0F230D75F500B1C8CB /* DashboardCollectionView+CollectionView.swift in Sources */ = {isa = PBXBuildFile; fileRef = 2BF23A0E230D75F500B1C8CB /* DashboardCollectionView+CollectionView.swift */; };
		2BF23A12230D77F400B1C8CB /* ProductModel.swift in Sources */ = {isa = PBXBuildFile; fileRef = 2BF23A11230D77F400B1C8CB /* ProductModel.swift */; };
		552C6FEA2307E63800A7AE2E /* Main.storyboard in Resources */ = {isa = PBXBuildFile; fileRef = 552C6FE82307E63800A7AE2E /* Main.storyboard */; };
		552C6FEC2307E63B00A7AE2E /* Assets.xcassets in Resources */ = {isa = PBXBuildFile; fileRef = 552C6FEB2307E63B00A7AE2E /* Assets.xcassets */; };
		552C6FFA2307E6B900A7AE2E /* LoginVC.swift in Sources */ = {isa = PBXBuildFile; fileRef = 552C6FF92307E6B900A7AE2E /* LoginVC.swift */; };
		552C6FFC2307E6D400A7AE2E /* Launch Screen.storyboard in Resources */ = {isa = PBXBuildFile; fileRef = 552C6FFB2307E6D400A7AE2E /* Launch Screen.storyboard */; };
		921347501639E7E177EE9ED0 /* Pods_My_Store.framework in Frameworks */ = {isa = PBXBuildFile; fileRef = 2FC9901949900C3C857FE3A7 /* Pods_My_Store.framework */; };
/* End PBXBuildFile section */

/* Begin PBXFileReference section */
		2BECB807230D67AE00E03B71 /* DashboardVC.swift */ = {isa = PBXFileReference; lastKnownFileType = sourcecode.swift; path = DashboardVC.swift; sourceTree = "<group>"; };
		2BECB80E230D6B5500E03B71 /* WishListVC.swift */ = {isa = PBXFileReference; lastKnownFileType = sourcecode.swift; path = WishListVC.swift; sourceTree = "<group>"; };
		2BECB80F230D6B5600E03B71 /* SearchVC.swift */ = {isa = PBXFileReference; lastKnownFileType = sourcecode.swift; path = SearchVC.swift; sourceTree = "<group>"; };
		2BF239FD230D6BB000B1C8CB /* ProfileVC.swift */ = {isa = PBXFileReference; lastKnownFileType = sourcecode.swift; path = ProfileVC.swift; sourceTree = "<group>"; };
		2BF239FF230D6BBB00B1C8CB /* CartVC.swift */ = {isa = PBXFileReference; lastKnownFileType = sourcecode.swift; path = CartVC.swift; sourceTree = "<group>"; };
		2BF23A01230D6C3100B1C8CB /* TabbarVC.swift */ = {isa = PBXFileReference; lastKnownFileType = sourcecode.swift; path = TabbarVC.swift; sourceTree = "<group>"; };
		2BF23A06230D6E4900B1C8CB /* AppDelegate.swift */ = {isa = PBXFileReference; fileEncoding = 4; lastKnownFileType = sourcecode.swift; path = AppDelegate.swift; sourceTree = "<group>"; };
		2BF23A09230D736A00B1C8CB /* ProductCell.swift */ = {isa = PBXFileReference; lastKnownFileType = sourcecode.swift; path = ProductCell.swift; sourceTree = "<group>"; };
		2BF23A0C230D753700B1C8CB /* DashboardCollectionView.swift */ = {isa = PBXFileReference; lastKnownFileType = sourcecode.swift; path = DashboardCollectionView.swift; sourceTree = "<group>"; };
		2BF23A0E230D75F500B1C8CB /* DashboardCollectionView+CollectionView.swift */ = {isa = PBXFileReference; lastKnownFileType = sourcecode.swift; path = "DashboardCollectionView+CollectionView.swift"; sourceTree = "<group>"; };
		2BF23A11230D77F400B1C8CB /* ProductModel.swift */ = {isa = PBXFileReference; lastKnownFileType = sourcecode.swift; path = ProductModel.swift; sourceTree = "<group>"; };
		2FC9901949900C3C857FE3A7 /* Pods_My_Store.framework */ = {isa = PBXFileReference; explicitFileType = wrapper.framework; includeInIndex = 0; path = Pods_My_Store.framework; sourceTree = BUILT_PRODUCTS_DIR; };
		552C6FE12307E63800A7AE2E /* My Store.app */ = {isa = PBXFileReference; explicitFileType = wrapper.application; includeInIndex = 0; path = "My Store.app"; sourceTree = BUILT_PRODUCTS_DIR; };
		552C6FE92307E63800A7AE2E /* Base */ = {isa = PBXFileReference; lastKnownFileType = file.storyboard; name = Base; path = Base.lproj/Main.storyboard; sourceTree = "<group>"; };
		552C6FEB2307E63B00A7AE2E /* Assets.xcassets */ = {isa = PBXFileReference; lastKnownFileType = folder.assetcatalog; path = Assets.xcassets; sourceTree = "<group>"; };
		552C6FF02307E63B00A7AE2E /* Info.plist */ = {isa = PBXFileReference; lastKnownFileType = text.plist.xml; path = Info.plist; sourceTree = "<group>"; };
		552C6FF92307E6B900A7AE2E /* LoginVC.swift */ = {isa = PBXFileReference; lastKnownFileType = sourcecode.swift; path = LoginVC.swift; sourceTree = "<group>"; };
		552C6FFB2307E6D400A7AE2E /* Launch Screen.storyboard */ = {isa = PBXFileReference; lastKnownFileType = file.storyboard; path = "Launch Screen.storyboard"; sourceTree = "<group>"; };
		9D127E64C063EC406CBAE9B8 /* Pods-My Store.debug.xcconfig */ = {isa = PBXFileReference; includeInIndex = 1; lastKnownFileType = text.xcconfig; name = "Pods-My Store.debug.xcconfig"; path = "Target Support Files/Pods-My Store/Pods-My Store.debug.xcconfig"; sourceTree = "<group>"; };
		BCF68F0ECFDE9EC0730D0962 /* Pods-My Store.release.xcconfig */ = {isa = PBXFileReference; includeInIndex = 1; lastKnownFileType = text.xcconfig; name = "Pods-My Store.release.xcconfig"; path = "Target Support Files/Pods-My Store/Pods-My Store.release.xcconfig"; sourceTree = "<group>"; };
/* End PBXFileReference section */

/* Begin PBXFrameworksBuildPhase section */
		552C6FDE2307E63800A7AE2E /* Frameworks */ = {
			isa = PBXFrameworksBuildPhase;
			buildActionMask = 2147483647;
			files = (
				921347501639E7E177EE9ED0 /* Pods_My_Store.framework in Frameworks */,
			);
			runOnlyForDeploymentPostprocessing = 0;
		};
/* End PBXFrameworksBuildPhase section */

/* Begin PBXGroup section */
		2BECB805230D678D00E03B71 /* Login */ = {
			isa = PBXGroup;
			children = (
				552C6FF92307E6B900A7AE2E /* LoginVC.swift */,
			);
			path = Login;
			sourceTree = "<group>";
		};
		2BECB806230D679200E03B71 /* DashboardVC */ = {
			isa = PBXGroup;
			children = (
				2BECB807230D67AE00E03B71 /* DashboardVC.swift */,
				2BF23A08230D734400B1C8CB /* View */,
				2BF23A10230D77E500B1C8CB /* Model */,
				2BF23A0B230D750F00B1C8CB /* DashboardCollectionView */,
			);
			path = DashboardVC;
			sourceTree = "<group>";
		};
		2BECB809230D6B0100E03B71 /* TabbarVC */ = {
			isa = PBXGroup;
			children = (
				2BF23A01230D6C3100B1C8CB /* TabbarVC.swift */,
				2BECB806230D679200E03B71 /* DashboardVC */,
				2BECB80A230D6B1700E03B71 /* WishListVC */,
				2BECB80B230D6B2E00E03B71 /* SearchVC */,
				2BECB80C230D6B4200E03B71 /* CartVC */,
				2BECB80D230D6B4C00E03B71 /* ProfileVC */,
			);
			path = TabbarVC;
			sourceTree = "<group>";
		};
		2BECB80A230D6B1700E03B71 /* WishListVC */ = {
			isa = PBXGroup;
			children = (
				2BECB80E230D6B5500E03B71 /* WishListVC.swift */,
			);
			path = WishListVC;
			sourceTree = "<group>";
		};
		2BECB80B230D6B2E00E03B71 /* SearchVC */ = {
			isa = PBXGroup;
			children = (
				2BECB80F230D6B5600E03B71 /* SearchVC.swift */,
			);
			path = SearchVC;
			sourceTree = "<group>";
		};
		2BECB80C230D6B4200E03B71 /* CartVC */ = {
			isa = PBXGroup;
			children = (
				2BF239FF230D6BBB00B1C8CB /* CartVC.swift */,
			);
			path = CartVC;
			sourceTree = "<group>";
		};
		2BECB80D230D6B4C00E03B71 /* ProfileVC */ = {
			isa = PBXGroup;
			children = (
				2BF239FD230D6BB000B1C8CB /* ProfileVC.swift */,
			);
			path = ProfileVC;
			sourceTree = "<group>";
		};
		2BF23A08230D734400B1C8CB /* View */ = {
			isa = PBXGroup;
			children = (
				2BF23A09230D736A00B1C8CB /* ProductCell.swift */,
			);
			path = View;
			sourceTree = "<group>";
		};
		2BF23A0B230D750F00B1C8CB /* DashboardCollectionView */ = {
			isa = PBXGroup;
			children = (
				2BF23A0C230D753700B1C8CB /* DashboardCollectionView.swift */,
				2BF23A0E230D75F500B1C8CB /* DashboardCollectionView+CollectionView.swift */,
			);
			path = DashboardCollectionView;
			sourceTree = "<group>";
		};
		2BF23A10230D77E500B1C8CB /* Model */ = {
			isa = PBXGroup;
			children = (
				2BF23A11230D77F400B1C8CB /* ProductModel.swift */,
			);
			path = Model;
			sourceTree = "<group>";
		};
		552C6FD82307E63800A7AE2E = {
			isa = PBXGroup;
			children = (
				552C6FE32307E63800A7AE2E /* My Store */,
				552C6FE22307E63800A7AE2E /* Products */,
				FEF6D53A7799C4AF8987F47B /* Pods */,
				5FD20E9E2126E80F9A439A33 /* Frameworks */,
			);
			sourceTree = "<group>";
		};
		552C6FE22307E63800A7AE2E /* Products */ = {
			isa = PBXGroup;
			children = (
				552C6FE12307E63800A7AE2E /* My Store.app */,
			);
			name = Products;
			sourceTree = "<group>";
		};
		552C6FE32307E63800A7AE2E /* My Store */ = {
			isa = PBXGroup;
			children = (
				552C6FF62307E65F00A7AE2E /* Assets */,
				552C6FF72307E68A00A7AE2E /* Controller */,
				552C6FF82307E69200A7AE2E /* Helper */,
				552C6FF02307E63B00A7AE2E /* Info.plist */,
			);
			path = "My Store";
			sourceTree = "<group>";
		};
		552C6FF62307E65F00A7AE2E /* Assets */ = {
			isa = PBXGroup;
			children = (
				2BF23A06230D6E4900B1C8CB /* AppDelegate.swift */,
				552C6FE82307E63800A7AE2E /* Main.storyboard */,
				552C6FFB2307E6D400A7AE2E /* Launch Screen.storyboard */,
				552C6FEB2307E63B00A7AE2E /* Assets.xcassets */,
			);
			path = Assets;
			sourceTree = "<group>";
		};
		552C6FF72307E68A00A7AE2E /* Controller */ = {
			isa = PBXGroup;
			children = (
				2BECB805230D678D00E03B71 /* Login */,
				2BECB809230D6B0100E03B71 /* TabbarVC */,
			);
			path = Controller;
			sourceTree = "<group>";
		};
		552C6FF82307E69200A7AE2E /* Helper */ = {
			isa = PBXGroup;
			children = (
			);
			path = Helper;
			sourceTree = "<group>";
		};
		5FD20E9E2126E80F9A439A33 /* Frameworks */ = {
			isa = PBXGroup;
			children = (
				2FC9901949900C3C857FE3A7 /* Pods_My_Store.framework */,
			);
			name = Frameworks;
			sourceTree = "<group>";
		};
		FEF6D53A7799C4AF8987F47B /* Pods */ = {
			isa = PBXGroup;
			children = (
				9D127E64C063EC406CBAE9B8 /* Pods-My Store.debug.xcconfig */,
				BCF68F0ECFDE9EC0730D0962 /* Pods-My Store.release.xcconfig */,
			);
			path = Pods;
			sourceTree = "<group>";
		};
/* End PBXGroup section */

/* Begin PBXNativeTarget section */
		552C6FE02307E63800A7AE2E /* My Store */ = {
			isa = PBXNativeTarget;
			buildConfigurationList = 552C6FF32307E63B00A7AE2E /* Build configuration list for PBXNativeTarget "My Store" */;
			buildPhases = (
				69B53D260D33122B12429416 /* [CP] Check Pods Manifest.lock */,
				552C6FDD2307E63800A7AE2E /* Sources */,
				552C6FDE2307E63800A7AE2E /* Frameworks */,
				552C6FDF2307E63800A7AE2E /* Resources */,
			);
			buildRules = (
			);
			dependencies = (
			);
			name = "My Store";
			productName = "My Store";
			productReference = 552C6FE12307E63800A7AE2E /* My Store.app */;
			productType = "com.apple.product-type.application";
		};
/* End PBXNativeTarget section */

/* Begin PBXProject section */
		552C6FD92307E63800A7AE2E /* Project object */ = {
			isa = PBXProject;
			attributes = {
				LastSwiftUpdateCheck = 1030;
				LastUpgradeCheck = 1030;
				ORGANIZATIONNAME = "Shashikant Bhadke";
				TargetAttributes = {
					552C6FE02307E63800A7AE2E = {
						CreatedOnToolsVersion = 10.3;
					};
				};
			};
			buildConfigurationList = 552C6FDC2307E63800A7AE2E /* Build configuration list for PBXProject "My Store" */;
			compatibilityVersion = "Xcode 9.3";
			developmentRegion = en;
			hasScannedForEncodings = 0;
			knownRegions = (
				en,
				Base,
			);
			mainGroup = 552C6FD82307E63800A7AE2E;
			productRefGroup = 552C6FE22307E63800A7AE2E /* Products */;
			projectDirPath = "";
			projectRoot = "";
			targets = (
				552C6FE02307E63800A7AE2E /* My Store */,
			);
		};
/* End PBXProject section */

/* Begin PBXResourcesBuildPhase section */
		552C6FDF2307E63800A7AE2E /* Resources */ = {
			isa = PBXResourcesBuildPhase;
			buildActionMask = 2147483647;
			files = (
				552C6FFC2307E6D400A7AE2E /* Launch Screen.storyboard in Resources */,
				552C6FEC2307E63B00A7AE2E /* Assets.xcassets in Resources */,
				552C6FEA2307E63800A7AE2E /* Main.storyboard in Resources */,
			);
			runOnlyForDeploymentPostprocessing = 0;
		};
/* End PBXResourcesBuildPhase section */

/* Begin PBXShellScriptBuildPhase section */
		69B53D260D33122B12429416 /* [CP] Check Pods Manifest.lock */ = {
			isa = PBXShellScriptBuildPhase;
			buildActionMask = 2147483647;
			files = (
			);
			inputFileListPaths = (
			);
			inputPaths = (
				"${PODS_PODFILE_DIR_PATH}/Podfile.lock",
				"${PODS_ROOT}/Manifest.lock",
			);
			name = "[CP] Check Pods Manifest.lock";
			outputFileListPaths = (
			);
			outputPaths = (
				"$(DERIVED_FILE_DIR)/Pods-My Store-checkManifestLockResult.txt",
			);
			runOnlyForDeploymentPostprocessing = 0;
			shellPath = /bin/sh;
			shellScript = "diff \"${PODS_PODFILE_DIR_PATH}/Podfile.lock\" \"${PODS_ROOT}/Manifest.lock\" > /dev/null\nif [ $? != 0 ] ; then\n    # print error to STDERR\n    echo \"error: The sandbox is not in sync with the Podfile.lock. Run 'pod install' or update your CocoaPods installation.\" >&2\n    exit 1\nfi\n# This output is used by Xcode 'outputs' to avoid re-running this script phase.\necho \"SUCCESS\" > \"${SCRIPT_OUTPUT_FILE_0}\"\n";
			showEnvVarsInLog = 0;
		};
/* End PBXShellScriptBuildPhase section */

/* Begin PBXSourcesBuildPhase section */
		552C6FDD2307E63800A7AE2E /* Sources */ = {
			isa = PBXSourcesBuildPhase;
			buildActionMask = 2147483647;
			files = (
				2BF23A07230D6E4900B1C8CB /* AppDelegate.swift in Sources */,
				2BF239FE230D6BB000B1C8CB /* ProfileVC.swift in Sources */,
				2BF23A0D230D753700B1C8CB /* DashboardCollectionView.swift in Sources */,
				2BF23A0F230D75F500B1C8CB /* DashboardCollectionView+CollectionView.swift in Sources */,
				552C6FFA2307E6B900A7AE2E /* LoginVC.swift in Sources */,
				2BF23A02230D6C3100B1C8CB /* TabbarVC.swift in Sources */,
				2BECB808230D67AE00E03B71 /* DashboardVC.swift in Sources */,
				2BF23A0A230D736A00B1C8CB /* ProductCell.swift in Sources */,
				2BF23A00230D6BBB00B1C8CB /* CartVC.swift in Sources */,
				2BF23A12230D77F400B1C8CB /* ProductModel.swift in Sources */,
			);
			runOnlyForDeploymentPostprocessing = 0;
		};
/* End PBXSourcesBuildPhase section */

/* Begin PBXVariantGroup section */
		552C6FE82307E63800A7AE2E /* Main.storyboard */ = {
			isa = PBXVariantGroup;
			children = (
				552C6FE92307E63800A7AE2E /* Base */,
			);
			name = Main.storyboard;
			sourceTree = "<group>";
		};
/* End PBXVariantGroup section */

/* Begin XCBuildConfiguration section */
		552C6FF12307E63B00A7AE2E /* Debug */ = {
			isa = XCBuildConfiguration;
			buildSettings = {
				ALWAYS_SEARCH_USER_PATHS = NO;
				CLANG_ANALYZER_NONNULL = YES;
				CLANG_ANALYZER_NUMBER_OBJECT_CONVERSION = YES_AGGRESSIVE;
				CLANG_CXX_LANGUAGE_STANDARD = "gnu++14";
				CLANG_CXX_LIBRARY = "libc++";
				CLANG_ENABLE_MODULES = YES;
				CLANG_ENABLE_OBJC_ARC = YES;
				CLANG_ENABLE_OBJC_WEAK = YES;
				CLANG_WARN_BLOCK_CAPTURE_AUTORELEASING = YES;
				CLANG_WARN_BOOL_CONVERSION = YES;
				CLANG_WARN_COMMA = YES;
				CLANG_WARN_CONSTANT_CONVERSION = YES;
				CLANG_WARN_DEPRECATED_OBJC_IMPLEMENTATIONS = YES;
				CLANG_WARN_DIRECT_OBJC_ISA_USAGE = YES_ERROR;
				CLANG_WARN_DOCUMENTATION_COMMENTS = YES;
				CLANG_WARN_EMPTY_BODY = YES;
				CLANG_WARN_ENUM_CONVERSION = YES;
				CLANG_WARN_INFINITE_RECURSION = YES;
				CLANG_WARN_INT_CONVERSION = YES;
				CLANG_WARN_NON_LITERAL_NULL_CONVERSION = YES;
				CLANG_WARN_OBJC_IMPLICIT_RETAIN_SELF = YES;
				CLANG_WARN_OBJC_LITERAL_CONVERSION = YES;
				CLANG_WARN_OBJC_ROOT_CLASS = YES_ERROR;
				CLANG_WARN_RANGE_LOOP_ANALYSIS = YES;
				CLANG_WARN_STRICT_PROTOTYPES = YES;
				CLANG_WARN_SUSPICIOUS_MOVE = YES;
				CLANG_WARN_UNGUARDED_AVAILABILITY = YES_AGGRESSIVE;
				CLANG_WARN_UNREACHABLE_CODE = YES;
				CLANG_WARN__DUPLICATE_METHOD_MATCH = YES;
				CODE_SIGN_IDENTITY = "iPhone Developer";
				COPY_PHASE_STRIP = NO;
				DEBUG_INFORMATION_FORMAT = dwarf;
				ENABLE_STRICT_OBJC_MSGSEND = YES;
				ENABLE_TESTABILITY = YES;
				GCC_C_LANGUAGE_STANDARD = gnu11;
				GCC_DYNAMIC_NO_PIC = NO;
				GCC_NO_COMMON_BLOCKS = YES;
				GCC_OPTIMIZATION_LEVEL = 0;
				GCC_PREPROCESSOR_DEFINITIONS = (
					"DEBUG=1",
					"$(inherited)",
				);
				GCC_WARN_64_TO_32_BIT_CONVERSION = YES;
				GCC_WARN_ABOUT_RETURN_TYPE = YES_ERROR;
				GCC_WARN_UNDECLARED_SELECTOR = YES;
				GCC_WARN_UNINITIALIZED_AUTOS = YES_AGGRESSIVE;
				GCC_WARN_UNUSED_FUNCTION = YES;
				GCC_WARN_UNUSED_VARIABLE = YES;
				IPHONEOS_DEPLOYMENT_TARGET = 12.4;
				MTL_ENABLE_DEBUG_INFO = INCLUDE_SOURCE;
				MTL_FAST_MATH = YES;
				ONLY_ACTIVE_ARCH = YES;
				SDKROOT = iphoneos;
				SWIFT_ACTIVE_COMPILATION_CONDITIONS = DEBUG;
				SWIFT_OPTIMIZATION_LEVEL = "-Onone";
			};
			name = Debug;
		};
		552C6FF22307E63B00A7AE2E /* Release */ = {
			isa = XCBuildConfiguration;
			buildSettings = {
				ALWAYS_SEARCH_USER_PATHS = NO;
				CLANG_ANALYZER_NONNULL = YES;
				CLANG_ANALYZER_NUMBER_OBJECT_CONVERSION = YES_AGGRESSIVE;
				CLANG_CXX_LANGUAGE_STANDARD = "gnu++14";
				CLANG_CXX_LIBRARY = "libc++";
				CLANG_ENABLE_MODULES = YES;
				CLANG_ENABLE_OBJC_ARC = YES;
				CLANG_ENABLE_OBJC_WEAK = YES;
				CLANG_WARN_BLOCK_CAPTURE_AUTORELEASING = YES;
				CLANG_WARN_BOOL_CONVERSION = YES;
				CLANG_WARN_COMMA = YES;
				CLANG_WARN_CONSTANT_CONVERSION = YES;
				CLANG_WARN_DEPRECATED_OBJC_IMPLEMENTATIONS = YES;
				CLANG_WARN_DIRECT_OBJC_ISA_USAGE = YES_ERROR;
				CLANG_WARN_DOCUMENTATION_COMMENTS = YES;
				CLANG_WARN_EMPTY_BODY = YES;
				CLANG_WARN_ENUM_CONVERSION = YES;
				CLANG_WARN_INFINITE_RECURSION = YES;
				CLANG_WARN_INT_CONVERSION = YES;
				CLANG_WARN_NON_LITERAL_NULL_CONVERSION = YES;
				CLANG_WARN_OBJC_IMPLICIT_RETAIN_SELF = YES;
				CLANG_WARN_OBJC_LITERAL_CONVERSION = YES;
				CLANG_WARN_OBJC_ROOT_CLASS = YES_ERROR;
				CLANG_WARN_RANGE_LOOP_ANALYSIS = YES;
				CLANG_WARN_STRICT_PROTOTYPES = YES;
				CLANG_WARN_SUSPICIOUS_MOVE = YES;
				CLANG_WARN_UNGUARDED_AVAILABILITY = YES_AGGRESSIVE;
				CLANG_WARN_UNREACHABLE_CODE = YES;
				CLANG_WARN__DUPLICATE_METHOD_MATCH = YES;
				CODE_SIGN_IDENTITY = "iPhone Developer";
				COPY_PHASE_STRIP = NO;
				DEBUG_INFORMATION_FORMAT = "dwarf-with-dsym";
				ENABLE_NS_ASSERTIONS = NO;
				ENABLE_STRICT_OBJC_MSGSEND = YES;
				GCC_C_LANGUAGE_STANDARD = gnu11;
				GCC_NO_COMMON_BLOCKS = YES;
				GCC_WARN_64_TO_32_BIT_CONVERSION = YES;
				GCC_WARN_ABOUT_RETURN_TYPE = YES_ERROR;
				GCC_WARN_UNDECLARED_SELECTOR = YES;
				GCC_WARN_UNINITIALIZED_AUTOS = YES_AGGRESSIVE;
				GCC_WARN_UNUSED_FUNCTION = YES;
				GCC_WARN_UNUSED_VARIABLE = YES;
				IPHONEOS_DEPLOYMENT_TARGET = 12.4;
				MTL_ENABLE_DEBUG_INFO = NO;
				MTL_FAST_MATH = YES;
				SDKROOT = iphoneos;
				SWIFT_COMPILATION_MODE = wholemodule;
				SWIFT_OPTIMIZATION_LEVEL = "-O";
				VALIDATE_PRODUCT = YES;
			};
			name = Release;
		};
		552C6FF42307E63B00A7AE2E /* Debug */ = {
			isa = XCBuildConfiguration;
			baseConfigurationReference = 9D127E64C063EC406CBAE9B8 /* Pods-My Store.debug.xcconfig */;
			buildSettings = {
				ASSETCATALOG_COMPILER_APPICON_NAME = AppIcon;
				CODE_SIGN_STYLE = Automatic;
				DEVELOPMENT_TEAM = RUTCP6369G;
				INFOPLIST_FILE = "My Store/Info.plist";
				IPHONEOS_DEPLOYMENT_TARGET = 10.0;
				LD_RUNPATH_SEARCH_PATHS = (
					"$(inherited)",
					"@executable_path/Frameworks",
				);
				PRODUCT_BUNDLE_IDENTIFIER = "com.SB.My-Store";
				PRODUCT_NAME = "$(TARGET_NAME)";
				SWIFT_VERSION = 5.0;
				TARGETED_DEVICE_FAMILY = 1;
			};
			name = Debug;
		};
		552C6FF52307E63B00A7AE2E /* Release */ = {
			isa = XCBuildConfiguration;
			baseConfigurationReference = BCF68F0ECFDE9EC0730D0962 /* Pods-My Store.release.xcconfig */;
			buildSettings = {
				ASSETCATALOG_COMPILER_APPICON_NAME = AppIcon;
				CODE_SIGN_STYLE = Automatic;
				DEVELOPMENT_TEAM = RUTCP6369G;
				INFOPLIST_FILE = "My Store/Info.plist";
				IPHONEOS_DEPLOYMENT_TARGET = 10.0;
				LD_RUNPATH_SEARCH_PATHS = (
					"$(inherited)",
					"@executable_path/Frameworks",
				);
				PRODUCT_BUNDLE_IDENTIFIER = "com.SB.My-Store";
				PRODUCT_NAME = "$(TARGET_NAME)";
				SWIFT_VERSION = 5.0;
				TARGETED_DEVICE_FAMILY = 1;
			};
			name = Release;
		};
/* End XCBuildConfiguration section */

/* Begin XCConfigurationList section */
		552C6FDC2307E63800A7AE2E /* Build configuration list for PBXProject "My Store" */ = {
			isa = XCConfigurationList;
			buildConfigurations = (
				552C6FF12307E63B00A7AE2E /* Debug */,
				552C6FF22307E63B00A7AE2E /* Release */,
			);
			defaultConfigurationIsVisible = 0;
			defaultConfigurationName = Release;
		};
		552C6FF32307E63B00A7AE2E /* Build configuration list for PBXNativeTarget "My Store" */ = {
			isa = XCConfigurationList;
			buildConfigurations = (
				552C6FF42307E63B00A7AE2E /* Debug */,
				552C6FF52307E63B00A7AE2E /* Release */,
			);
			defaultConfigurationIsVisible = 0;
			defaultConfigurationName = Release;
		};
/* End XCConfigurationList section */
	};
	rootObject = 552C6FD92307E63800A7AE2E /* Project object */;
}
